
Microsoft Visual Studio Solution File, Format Version 12.00
# Visual Studio 15
Project("{FAE04EC0-301F-11D3-BF4B-00C04F79EFBC}") = "WebAppsOppgave3", "WebAppsOppgave3\WebAppsOppgave3.csproj", "{D34BF10F-60F9-4AAA-9C27-3C90083C3A83}"
EndProject
Global
	GlobalSection(SolutionConfigurationPlatforms) = preSolution
		Debug|Any CPU = Debug|Any CPU
		Release|Any CPU = Release|Any CPU
	EndGlobalSection
	GlobalSection(ProjectConfigurationPlatforms) = postSolution
		{D34BF10F-60F9-4AAA-9C27-3C90083C3A83}.Debug|Any CPU.ActiveCfg = Debug|Any CPU
		{D34BF10F-60F9-4AAA-9C27-3C90083C3A83}.Debug|Any CPU.Build.0 = Debug|Any CPU
		{D34BF10F-60F9-4AAA-9C27-3C90083C3A83}.Release|Any CPU.ActiveCfg = Release|Any CPU
		{D34BF10F-60F9-4AAA-9C27-3C90083C3A83}.Release|Any CPU.Build.0 = Release|Any CPU
	EndGlobalSection
EndGlobal
